
Microsoft Visual Studio Solution File, Format Version 12.00
# Visual Studio Version 16
VisualStudioVersion = 16.0.30204.135
MinimumVisualStudioVersion = 10.0.40219.1
Project("{FAE04EC0-301F-11D3-BF4B-00C04F79EFBC}") = "Blacklist", "Blacklist\Blacklist.csproj", "{56B68C5E-20E0-4011-A4DD-55206957F888}"
EndProject
Global
	GlobalSection(SolutionConfigurationPlatforms) = preSolution
		Debug|Any CPU = Debug|Any CPU
		Release|Any CPU = Release|Any CPU
	EndGlobalSection
	GlobalSection(ProjectConfigurationPlatforms) = postSolution
		{56B68C5E-20E0-4011-A4DD-55206957F888}.Debug|Any CPU.ActiveCfg = Debug|Any CPU
		{56B68C5E-20E0-4011-A4DD-55206957F888}.Debug|Any CPU.Build.0 = Debug|Any CPU
		{56B68C5E-20E0-4011-A4DD-55206957F888}.Release|Any CPU.ActiveCfg = Release|Any CPU
		{56B68C5E-20E0-4011-A4DD-55206957F888}.Release|Any CPU.Build.0 = Release|Any CPU
	EndGlobalSection
	GlobalSection(SolutionProperties) = preSolution
		HideSolutionNode = FALSE
	EndGlobalSection
	GlobalSection(ExtensibilityGlobals) = postSolution
		SolutionGuid = {139C0A03-4AD6-4C82-AAA7-EF5E6BF9BF09}
	EndGlobalSection
EndGlobal
